
Microsoft Visual Studio Solution File, Format Version 12.00
# Visual Studio Version 17
VisualStudioVersion = 17.5.33414.496
MinimumVisualStudioVersion = 10.0.40219.1
Project("{FAE04EC0-301F-11D3-BF4B-00C04F79EFBC}") = "ConsoleUI", "ConsoleUI\ConsoleUI.csproj", "{00F73A7D-286E-4719-B9BA-487FB2ABB972}"
EndProject
Project("{FAE04EC0-301F-11D3-BF4B-00C04F79EFBC}") = "FrameworkLibrary", "FrameworkLibrary\FrameworkLibrary.csproj", "{476DBC76-3365-43C0-BFB0-200756FEE75B}"
EndProject
Project("{FAE04EC0-301F-11D3-BF4B-00C04F79EFBC}") = "CoreLibrary", "NETLibrary\CoreLibrary.csproj", "{3874F7DE-EC62-4F89-8DC6-99C26E8F93BF}"
EndProject
Project("{FAE04EC0-301F-11D3-BF4B-00C04F79EFBC}") = "Homework", "Homework\Homework.csproj", "{527CC45A-476C-4FFE-82C7-D83C26462649}"
EndProject
Project("{FAE04EC0-301F-11D3-BF4B-00C04F79EFBC}") = "NET_and_Standard_Library", "NET_and_Standard_Library\NET_and_Standard_Library.csproj", "{53399011-0E0D-44D6-B1FF-52E330C91C95}"
EndProject
Global
	GlobalSection(SolutionConfigurationPlatforms) = preSolution
		Debug|Any CPU = Debug|Any CPU
		Release|Any CPU = Release|Any CPU
	EndGlobalSection
	GlobalSection(ProjectConfigurationPlatforms) = postSolution
		{00F73A7D-286E-4719-B9BA-487FB2ABB972}.Debug|Any CPU.ActiveCfg = Debug|Any CPU
		{00F73A7D-286E-4719-B9BA-487FB2ABB972}.Debug|Any CPU.Build.0 = Debug|Any CPU
		{00F73A7D-286E-4719-B9BA-487FB2ABB972}.Release|Any CPU.ActiveCfg = Release|Any CPU
		{00F73A7D-286E-4719-B9BA-487FB2ABB972}.Release|Any CPU.Build.0 = Release|Any CPU
		{476DBC76-3365-43C0-BFB0-200756FEE75B}.Debug|Any CPU.ActiveCfg = Debug|Any CPU
		{476DBC76-3365-43C0-BFB0-200756FEE75B}.Debug|Any CPU.Build.0 = Debug|Any CPU
		{476DBC76-3365-43C0-BFB0-200756FEE75B}.Release|Any CPU.ActiveCfg = Release|Any CPU
		{476DBC76-3365-43C0-BFB0-200756FEE75B}.Release|Any CPU.Build.0 = Release|Any CPU
		{3874F7DE-EC62-4F89-8DC6-99C26E8F93BF}.Debug|Any CPU.ActiveCfg = Debug|Any CPU
		{3874F7DE-EC62-4F89-8DC6-99C26E8F93BF}.Debug|Any CPU.Build.0 = Debug|Any CPU
		{3874F7DE-EC62-4F89-8DC6-99C26E8F93BF}.Release|Any CPU.ActiveCfg = Release|Any CPU
		{3874F7DE-EC62-4F89-8DC6-99C26E8F93BF}.Release|Any CPU.Build.0 = Release|Any CPU
		{527CC45A-476C-4FFE-82C7-D83C26462649}.Debug|Any CPU.ActiveCfg = Debug|Any CPU
		{527CC45A-476C-4FFE-82C7-D83C26462649}.Debug|Any CPU.Build.0 = Debug|Any CPU
		{527CC45A-476C-4FFE-82C7-D83C26462649}.Release|Any CPU.ActiveCfg = Release|Any CPU
		{527CC45A-476C-4FFE-82C7-D83C26462649}.Release|Any CPU.Build.0 = Release|Any CPU
		{53399011-0E0D-44D6-B1FF-52E330C91C95}.Debug|Any CPU.ActiveCfg = Debug|Any CPU
		{53399011-0E0D-44D6-B1FF-52E330C91C95}.Debug|Any CPU.Build.0 = Debug|Any CPU
		{53399011-0E0D-44D6-B1FF-52E330C91C95}.Release|Any CPU.ActiveCfg = Release|Any CPU
		{53399011-0E0D-44D6-B1FF-52E330C91C95}.Release|Any CPU.Build.0 = Release|Any CPU
	EndGlobalSection
	GlobalSection(SolutionProperties) = preSolution
		HideSolutionNode = FALSE
	EndGlobalSection
	GlobalSection(ExtensibilityGlobals) = postSolution
		SolutionGuid = {F6FDA982-D1D3-420C-BDB9-342E0B40BE26}
	EndGlobalSection
EndGlobal
